
Microsoft Visual Studio Solution File, Format Version 12.00
# Visual Studio Version 16
VisualStudioVersion = 16.0.29709.97
MinimumVisualStudioVersion = 10.0.40219.1
Project("{9A19103F-16F7-4668-BE54-9A1E7A4F7556}") = "OnlineCourseApp", "OnlineCourseApp\OnlineCourseApp.csproj", "{FD24EFF5-2311-4851-B47B-FFE4283B0E32}"
EndProject
Project("{9A19103F-16F7-4668-BE54-9A1E7A4F7556}") = "OnlineCourseApp.Data", "OnlineCourseApp.Data\OnlineCourseApp.Data.csproj", "{8C32C772-FF00-4BB0-9AC0-88EA75D1D6D4}"
EndProject
Global
	GlobalSection(SolutionConfigurationPlatforms) = preSolution
		Debug|Any CPU = Debug|Any CPU
		Release|Any CPU = Release|Any CPU
	EndGlobalSection
	GlobalSection(ProjectConfigurationPlatforms) = postSolution
		{FD24EFF5-2311-4851-B47B-FFE4283B0E32}.Debug|Any CPU.ActiveCfg = Debug|Any CPU
		{FD24EFF5-2311-4851-B47B-FFE4283B0E32}.Debug|Any CPU.Build.0 = Debug|Any CPU
		{FD24EFF5-2311-4851-B47B-FFE4283B0E32}.Release|Any CPU.ActiveCfg = Release|Any CPU
		{FD24EFF5-2311-4851-B47B-FFE4283B0E32}.Release|Any CPU.Build.0 = Release|Any CPU
		{8C32C772-FF00-4BB0-9AC0-88EA75D1D6D4}.Debug|Any CPU.ActiveCfg = Debug|Any CPU
		{8C32C772-FF00-4BB0-9AC0-88EA75D1D6D4}.Debug|Any CPU.Build.0 = Debug|Any CPU
		{8C32C772-FF00-4BB0-9AC0-88EA75D1D6D4}.Release|Any CPU.ActiveCfg = Release|Any CPU
		{8C32C772-FF00-4BB0-9AC0-88EA75D1D6D4}.Release|Any CPU.Build.0 = Release|Any CPU
	EndGlobalSection
	GlobalSection(SolutionProperties) = preSolution
		HideSolutionNode = FALSE
	EndGlobalSection
	GlobalSection(ExtensibilityGlobals) = postSolution
		SolutionGuid = {B45DF68E-D84B-4906-BC4C-09C0C57C339A}
	EndGlobalSection
EndGlobal
